
Microsoft Visual Studio Solution File, Format Version 12.00
# Visual Studio 15
VisualStudioVersion = 15.0.27004.2006
MinimumVisualStudioVersion = 10.0.40219.1
Project("{FAE04EC0-301F-11D3-BF4B-00C04F79EFBC}") = "TennisGamePractice", "Extreme_Dev_TennisGamePratice_20180416\TennisGamePractice.csproj", "{1F66767F-DCCD-4398-A959-045597AED750}"
EndProject
Global
	GlobalSection(SolutionConfigurationPlatforms) = preSolution
		Debug|Any CPU = Debug|Any CPU
		Release|Any CPU = Release|Any CPU
	EndGlobalSection
	GlobalSection(ProjectConfigurationPlatforms) = postSolution
		{1F66767F-DCCD-4398-A959-045597AED750}.Debug|Any CPU.ActiveCfg = Debug|Any CPU
		{1F66767F-DCCD-4398-A959-045597AED750}.Debug|Any CPU.Build.0 = Debug|Any CPU
		{1F66767F-DCCD-4398-A959-045597AED750}.Release|Any CPU.ActiveCfg = Release|Any CPU
		{1F66767F-DCCD-4398-A959-045597AED750}.Release|Any CPU.Build.0 = Release|Any CPU
	EndGlobalSection
	GlobalSection(SolutionProperties) = preSolution
		HideSolutionNode = FALSE
	EndGlobalSection
	GlobalSection(ExtensibilityGlobals) = postSolution
		SolutionGuid = {05313053-B1CC-45E6-8DF4-CB758C946295}
	EndGlobalSection
EndGlobal
